
Microsoft Visual Studio Solution File, Format Version 12.00
# Visual Studio 15
VisualStudioVersion = 15.0.27428.2015
MinimumVisualStudioVersion = 10.0.40219.1
Project("{8BC9CEB8-8B4A-11D0-8D11-00A0C91BC942}") = "BTree_Org", "BTree_Org\BTree_Org.vcxproj", "{D18D5086-98AE-4408-B723-CD186146B51B}"
EndProject
Global
	GlobalSection(SolutionConfigurationPlatforms) = preSolution
		Debug|x64 = Debug|x64
		Debug|x86 = Debug|x86
		Release|x64 = Release|x64
		Release|x86 = Release|x86
	EndGlobalSection
	GlobalSection(ProjectConfigurationPlatforms) = postSolution
		{D18D5086-98AE-4408-B723-CD186146B51B}.Debug|x64.ActiveCfg = Debug|x64
		{D18D5086-98AE-4408-B723-CD186146B51B}.Debug|x64.Build.0 = Debug|x64
		{D18D5086-98AE-4408-B723-CD186146B51B}.Debug|x86.ActiveCfg = Debug|Win32
		{D18D5086-98AE-4408-B723-CD186146B51B}.Debug|x86.Build.0 = Debug|Win32
		{D18D5086-98AE-4408-B723-CD186146B51B}.Release|x64.ActiveCfg = Release|x64
		{D18D5086-98AE-4408-B723-CD186146B51B}.Release|x64.Build.0 = Release|x64
		{D18D5086-98AE-4408-B723-CD186146B51B}.Release|x86.ActiveCfg = Release|Win32
		{D18D5086-98AE-4408-B723-CD186146B51B}.Release|x86.Build.0 = Release|Win32
	EndGlobalSection
	GlobalSection(SolutionProperties) = preSolution
		HideSolutionNode = FALSE
	EndGlobalSection
	GlobalSection(ExtensibilityGlobals) = postSolution
		SolutionGuid = {B2341032-5A6B-4520-9703-C796219161BE}
	EndGlobalSection
EndGlobal
